Microsoft Visual Studio Solution File, Format Version 12.00
# Visual Studio Version 17
VisualStudioVersion = 17.13.35919.96
MinimumVisualStudioVersion = 10.0.40219.1
Project("{FAE04EC0-301F-11D3-BF4B-00C04F79EFBC}") = "M3diator", "src\M3diator\M3diator.csproj", "{D2C54D60-D273-4D75-B5A6-259EC9902496}"
EndProject
Project("{FAE04EC0-301F-11D3-BF4B-00C04F79EFBC}") = "M3diator.Abstractions", "src\M3diator.Abstractions\M3diator.Abstractions.csproj", "{C617FC6B-EB06-40EF-BB07-28A7A93028AB}"
EndProject
Project("{FAE04EC0-301F-11D3-BF4B-00C04F79EFBC}") = "M3diator.Tests", "src\M3diator.Tests\M3diator.Tests.csproj", "{2A0C8476-E79D-4FC8-885A-C53D6BCD719A}"
EndProject
Project("{FAE04EC0-301F-11D3-BF4B-00C04F79EFBC}") = "M3diator.Benchmarks", "src\M3diator.Benchmarks\M3diator.Benchmarks.csproj", "{52D8C7EC-B8B9-43BF-A077-6C42ED31E965}"
EndProject
Global
	GlobalSection(SolutionConfigurationPlatforms) = preSolution
		Debug|Any CPU = Debug|Any CPU
		Release|Any CPU = Release|Any CPU
	EndGlobalSection
	GlobalSection(ProjectConfigurationPlatforms) = postSolution
		{D2C54D60-D273-4D75-B5A6-259EC9902496}.Debug|Any CPU.ActiveCfg = Debug|Any CPU
		{D2C54D60-D273-4D75-B5A6-259EC9902496}.Debug|Any CPU.Build.0 = Debug|Any CPU
		{D2C54D60-D273-4D75-B5A6-259EC9902496}.Release|Any CPU.ActiveCfg = Release|Any CPU
		{D2C54D60-D273-4D75-B5A6-259EC9902496}.Release|Any CPU.Build.0 = Release|Any CPU
		{C617FC6B-EB06-40EF-BB07-28A7A93028AB}.Debug|Any CPU.ActiveCfg = Debug|Any CPU
		{C617FC6B-EB06-40EF-BB07-28A7A93028AB}.Debug|Any CPU.Build.0 = Debug|Any CPU
		{C617FC6B-EB06-40EF-BB07-28A7A93028AB}.Release|Any CPU.ActiveCfg = Release|Any CPU
		{C617FC6B-EB06-40EF-BB07-28A7A93028AB}.Release|Any CPU.Build.0 = Release|Any CPU
		{2A0C8476-E79D-4FC8-885A-C53D6BCD719A}.Debug|Any CPU.ActiveCfg = Debug|Any CPU
		{2A0C8476-E79D-4FC8-885A-C53D6BCD719A}.Debug|Any CPU.Build.0 = Debug|Any CPU
		{2A0C8476-E79D-4FC8-885A-C53D6BCD719A}.Release|Any CPU.ActiveCfg = Release|Any CPU
		{2A0C8476-E79D-4FC8-885A-C53D6BCD719A}.Release|Any CPU.Build.0 = Release|Any CPU
		{52D8C7EC-B8B9-43BF-A077-6C42ED31E965}.Debug|Any CPU.ActiveCfg = Debug|Any CPU
		{52D8C7EC-B8B9-43BF-A077-6C42ED31E965}.Debug|Any CPU.Build.0 = Debug|Any CPU
		{52D8C7EC-B8B9-43BF-A077-6C42ED31E965}.Release|Any CPU.ActiveCfg = Release|Any CPU
		{52D8C7EC-B8B9-43BF-A077-6C42ED31E965}.Release|Any CPU.Build.0 = Release|Any CPU
	EndGlobalSection
	GlobalSection(SolutionProperties) = preSolution
		HideSolutionNode = FALSE
	EndGlobalSection
	GlobalSection(ExtensibilityGlobals) = postSolution
		SolutionGuid = {B4626420-B839-4DCB-B27C-7023FEF132B1}
	EndGlobalSection
EndGlobal
